
Microsoft Visual Studio Solution File, Format Version 12.00
# Visual Studio Version 17
VisualStudioVersion = 17.2.32630.192
MinimumVisualStudioVersion = 10.0.40219.1
Project("{2150E333-8FDC-42A3-9474-1A3956D46DE8}") = "src", "src", "{8305D651-59EB-46DC-B194-C12F6C8F38AA}"
EndProject
Project("{9A19103F-16F7-4668-BE54-9A1E7A4F7556}") = "BeerEncyclopedia.Domain", "src\BeerEncyclopedia.Domain\BeerEncyclopedia.Domain.csproj", "{B4AD5789-92F8-42F5-8041-3B88E6567145}"
EndProject
Project("{9A19103F-16F7-4668-BE54-9A1E7A4F7556}") = "BeerFormaters", "src\BeerFormaters\BeerFormaters.csproj", "{6A134968-EB0F-4295-BCA0-1A9342224ED0}"
EndProject
Project("{9A19103F-16F7-4668-BE54-9A1E7A4F7556}") = "BeerEncyclopedia.Tests", "src\BeerEncyclopedia.Tests\BeerEncyclopedia.Tests.csproj", "{391E8DD2-274A-4611-8CB4-DF8A76814BF9}"
EndProject
Project("{9A19103F-16F7-4668-BE54-9A1E7A4F7556}") = "ShopParsers", "src\ShopParsers\ShopParsers.csproj", "{DF47B64F-29E1-4C89-A7B9-D961C5A928E8}"
EndProject
Project("{9A19103F-16F7-4668-BE54-9A1E7A4F7556}") = "ShopBeerService", "src\ShopBeerService\ShopBeerService.csproj", "{6C3614F9-1530-4142-AC39-D7AD70199E5B}"
EndProject
Project("{9A19103F-16F7-4668-BE54-9A1E7A4F7556}") = "BeerShared", "src\BeerShared\BeerShared.csproj", "{484B0084-6144-40AB-B739-713C36DD4E66}"
EndProject
Project("{FAE04EC0-301F-11D3-BF4B-00C04F79EFBC}") = "BeerEncyclopedia.Infrastructure", "src\BeerEncyclopedia.Infrastructure\BeerEncyclopedia.Infrastructure.csproj", "{5F1F6444-A4D2-4C78-8FF3-3957461A73A4}"
EndProject
Project("{FAE04EC0-301F-11D3-BF4B-00C04F79EFBC}") = "BeerEncyclopedia.Application", "src\BeerEncyclopedia.Application\BeerEncyclopedia.Application.csproj", "{F6B519F8-D545-4673-B2C7-C8E91C950FDB}"
EndProject
Global
	GlobalSection(SolutionConfigurationPlatforms) = preSolution
		Debug|Any CPU = Debug|Any CPU
		Release|Any CPU = Release|Any CPU
	EndGlobalSection
	GlobalSection(ProjectConfigurationPlatforms) = postSolution
		{B4AD5789-92F8-42F5-8041-3B88E6567145}.Debug|Any CPU.ActiveCfg = Debug|Any CPU
		{B4AD5789-92F8-42F5-8041-3B88E6567145}.Debug|Any CPU.Build.0 = Debug|Any CPU
		{B4AD5789-92F8-42F5-8041-3B88E6567145}.Release|Any CPU.ActiveCfg = Release|Any CPU
		{B4AD5789-92F8-42F5-8041-3B88E6567145}.Release|Any CPU.Build.0 = Release|Any CPU
		{6A134968-EB0F-4295-BCA0-1A9342224ED0}.Debug|Any CPU.ActiveCfg = Debug|Any CPU
		{6A134968-EB0F-4295-BCA0-1A9342224ED0}.Debug|Any CPU.Build.0 = Debug|Any CPU
		{6A134968-EB0F-4295-BCA0-1A9342224ED0}.Release|Any CPU.ActiveCfg = Release|Any CPU
		{6A134968-EB0F-4295-BCA0-1A9342224ED0}.Release|Any CPU.Build.0 = Release|Any CPU
		{391E8DD2-274A-4611-8CB4-DF8A76814BF9}.Debug|Any CPU.ActiveCfg = Debug|Any CPU
		{391E8DD2-274A-4611-8CB4-DF8A76814BF9}.Debug|Any CPU.Build.0 = Debug|Any CPU
		{391E8DD2-274A-4611-8CB4-DF8A76814BF9}.Release|Any CPU.ActiveCfg = Release|Any CPU
		{391E8DD2-274A-4611-8CB4-DF8A76814BF9}.Release|Any CPU.Build.0 = Release|Any CPU
		{DF47B64F-29E1-4C89-A7B9-D961C5A928E8}.Debug|Any CPU.ActiveCfg = Debug|Any CPU
		{DF47B64F-29E1-4C89-A7B9-D961C5A928E8}.Debug|Any CPU.Build.0 = Debug|Any CPU
		{DF47B64F-29E1-4C89-A7B9-D961C5A928E8}.Release|Any CPU.ActiveCfg = Release|Any CPU
		{DF47B64F-29E1-4C89-A7B9-D961C5A928E8}.Release|Any CPU.Build.0 = Release|Any CPU
		{6C3614F9-1530-4142-AC39-D7AD70199E5B}.Debug|Any CPU.ActiveCfg = Debug|Any CPU
		{6C3614F9-1530-4142-AC39-D7AD70199E5B}.Debug|Any CPU.Build.0 = Debug|Any CPU
		{6C3614F9-1530-4142-AC39-D7AD70199E5B}.Release|Any CPU.ActiveCfg = Release|Any CPU
		{6C3614F9-1530-4142-AC39-D7AD70199E5B}.Release|Any CPU.Build.0 = Release|Any CPU
		{484B0084-6144-40AB-B739-713C36DD4E66}.Debug|Any CPU.ActiveCfg = Debug|Any CPU
		{484B0084-6144-40AB-B739-713C36DD4E66}.Debug|Any CPU.Build.0 = Debug|Any CPU
		{484B0084-6144-40AB-B739-713C36DD4E66}.Release|Any CPU.ActiveCfg = Release|Any CPU
		{484B0084-6144-40AB-B739-713C36DD4E66}.Release|Any CPU.Build.0 = Release|Any CPU
		{5F1F6444-A4D2-4C78-8FF3-3957461A73A4}.Debug|Any CPU.ActiveCfg = Debug|Any CPU
		{5F1F6444-A4D2-4C78-8FF3-3957461A73A4}.Debug|Any CPU.Build.0 = Debug|Any CPU
		{5F1F6444-A4D2-4C78-8FF3-3957461A73A4}.Release|Any CPU.ActiveCfg = Release|Any CPU
		{5F1F6444-A4D2-4C78-8FF3-3957461A73A4}.Release|Any CPU.Build.0 = Release|Any CPU
		{F6B519F8-D545-4673-B2C7-C8E91C950FDB}.Debug|Any CPU.ActiveCfg = Debug|Any CPU
		{F6B519F8-D545-4673-B2C7-C8E91C950FDB}.Debug|Any CPU.Build.0 = Debug|Any CPU
		{F6B519F8-D545-4673-B2C7-C8E91C950FDB}.Release|Any CPU.ActiveCfg = Release|Any CPU
		{F6B519F8-D545-4673-B2C7-C8E91C950FDB}.Release|Any CPU.Build.0 = Release|Any CPU
	EndGlobalSection
	GlobalSection(SolutionProperties) = preSolution
		HideSolutionNode = FALSE
	EndGlobalSection
	GlobalSection(NestedProjects) = preSolution
		{B4AD5789-92F8-42F5-8041-3B88E6567145} = {8305D651-59EB-46DC-B194-C12F6C8F38AA}
		{6A134968-EB0F-4295-BCA0-1A9342224ED0} = {8305D651-59EB-46DC-B194-C12F6C8F38AA}
		{391E8DD2-274A-4611-8CB4-DF8A76814BF9} = {8305D651-59EB-46DC-B194-C12F6C8F38AA}
		{DF47B64F-29E1-4C89-A7B9-D961C5A928E8} = {8305D651-59EB-46DC-B194-C12F6C8F38AA}
		{6C3614F9-1530-4142-AC39-D7AD70199E5B} = {8305D651-59EB-46DC-B194-C12F6C8F38AA}
		{484B0084-6144-40AB-B739-713C36DD4E66} = {8305D651-59EB-46DC-B194-C12F6C8F38AA}
		{5F1F6444-A4D2-4C78-8FF3-3957461A73A4} = {8305D651-59EB-46DC-B194-C12F6C8F38AA}
		{F6B519F8-D545-4673-B2C7-C8E91C950FDB} = {8305D651-59EB-46DC-B194-C12F6C8F38AA}
	EndGlobalSection
	GlobalSection(ExtensibilityGlobals) = postSolution
		SolutionGuid = {DFE09A39-CA3E-4C19-A8E4-20BCD71AD460}
	EndGlobalSection
EndGlobal
